
Microsoft Visual Studio Solution File, Format Version 12.00
# Visual Studio Version 16
VisualStudioVersion = 16.0.29926.136
MinimumVisualStudioVersion = 10.0.40219.1
Project("{FAE04EC0-301F-11D3-BF4B-00C04F79EFBC}") = "RPSGame", "RPSGame.csproj", "{471DA714-14E0-4088-AE56-3162FF515EFD}"
EndProject
Global
	GlobalSection(SolutionConfigurationPlatforms) = preSolution
		Debug|Any CPU = Debug|Any CPU
		Release|Any CPU = Release|Any CPU
	EndGlobalSection
	GlobalSection(ProjectConfigurationPlatforms) = postSolution
		{471DA714-14E0-4088-AE56-3162FF515EFD}.Debug|Any CPU.ActiveCfg = Debug|Any CPU
		{471DA714-14E0-4088-AE56-3162FF515EFD}.Debug|Any CPU.Build.0 = Debug|Any CPU
		{471DA714-14E0-4088-AE56-3162FF515EFD}.Release|Any CPU.ActiveCfg = Release|Any CPU
		{471DA714-14E0-4088-AE56-3162FF515EFD}.Release|Any CPU.Build.0 = Release|Any CPU
	EndGlobalSection
	GlobalSection(SolutionProperties) = preSolution
		HideSolutionNode = FALSE
	EndGlobalSection
	GlobalSection(ExtensibilityGlobals) = postSolution
		SolutionGuid = {1E7B4B26-B658-479F-9A64-AB991376E3F5}
	EndGlobalSection
EndGlobal
