
Microsoft Visual Studio Solution File, Format Version 12.00
# Visual Studio Version 16
VisualStudioVersion = 16.0.29926.136
MinimumVisualStudioVersion = 10.0.40219.1
Project("{9A19103F-16F7-4668-BE54-9A1E7A4F7556}") = "Project0 App", "Project0 App.csproj", "{4019F809-3768-405E-8E7A-5C2063399C80}"
EndProject
Project("{9A19103F-16F7-4668-BE54-9A1E7A4F7556}") = "Project0 XUnitTest", "..\Project 0 XUnitTest\Project0 XUnitTest.csproj", "{D499E647-DEC8-4B10-B065-23979E6C527A}"
EndProject
Global
	GlobalSection(SolutionConfigurationPlatforms) = preSolution
		Debug|Any CPU = Debug|Any CPU
		Release|Any CPU = Release|Any CPU
	EndGlobalSection
	GlobalSection(ProjectConfigurationPlatforms) = postSolution
		{4019F809-3768-405E-8E7A-5C2063399C80}.Debug|Any CPU.ActiveCfg = Debug|Any CPU
		{4019F809-3768-405E-8E7A-5C2063399C80}.Debug|Any CPU.Build.0 = Debug|Any CPU
		{4019F809-3768-405E-8E7A-5C2063399C80}.Release|Any CPU.ActiveCfg = Release|Any CPU
		{4019F809-3768-405E-8E7A-5C2063399C80}.Release|Any CPU.Build.0 = Release|Any CPU
		{D499E647-DEC8-4B10-B065-23979E6C527A}.Debug|Any CPU.ActiveCfg = Debug|Any CPU
		{D499E647-DEC8-4B10-B065-23979E6C527A}.Debug|Any CPU.Build.0 = Debug|Any CPU
		{D499E647-DEC8-4B10-B065-23979E6C527A}.Release|Any CPU.ActiveCfg = Release|Any CPU
		{D499E647-DEC8-4B10-B065-23979E6C527A}.Release|Any CPU.Build.0 = Release|Any CPU
	EndGlobalSection
	GlobalSection(SolutionProperties) = preSolution
		HideSolutionNode = FALSE
	EndGlobalSection
	GlobalSection(ExtensibilityGlobals) = postSolution
		SolutionGuid = {015E8EDD-C105-42A8-BB0D-1B13D3206D6B}
	EndGlobalSection
EndGlobal
