
Microsoft Visual Studio Solution File, Format Version 12.00
# Visual Studio Version 16
VisualStudioVersion = 16.0.29926.136
MinimumVisualStudioVersion = 10.0.40219.1
Project("{FAE04EC0-301F-11D3-BF4B-00C04F79EFBC}") = "CodeChallenge01", "CodeChallenge01.csproj", "{6E163DAA-D9F7-417E-A34D-05740D5B1528}"
EndProject
Global
	GlobalSection(SolutionConfigurationPlatforms) = preSolution
		Debug|Any CPU = Debug|Any CPU
		Release|Any CPU = Release|Any CPU
	EndGlobalSection
	GlobalSection(ProjectConfigurationPlatforms) = postSolution
		{6E163DAA-D9F7-417E-A34D-05740D5B1528}.Debug|Any CPU.ActiveCfg = Debug|Any CPU
		{6E163DAA-D9F7-417E-A34D-05740D5B1528}.Debug|Any CPU.Build.0 = Debug|Any CPU
		{6E163DAA-D9F7-417E-A34D-05740D5B1528}.Release|Any CPU.ActiveCfg = Release|Any CPU
		{6E163DAA-D9F7-417E-A34D-05740D5B1528}.Release|Any CPU.Build.0 = Release|Any CPU
	EndGlobalSection
	GlobalSection(SolutionProperties) = preSolution
		HideSolutionNode = FALSE
	EndGlobalSection
	GlobalSection(ExtensibilityGlobals) = postSolution
		SolutionGuid = {9ED914D9-7868-479B-B08D-4803A493BD86}
	EndGlobalSection
EndGlobal
